
Microsoft Visual Studio Solution File, Format Version 12.00
# Visual Studio Version 17
VisualStudioVersion = 17.14.36623.8
MinimumVisualStudioVersion = 10.0.40219.1
Project("{FAE04EC0-301F-11D3-BF4B-00C04F79EFBC}") = "003_Classes", "002_Classes\003_Classes.csproj", "{18F3341D-F927-4499-AE78-074417CCC442}"
EndProject
Project("{FAE04EC0-301F-11D3-BF4B-00C04F79EFBC}") = "001_Basic", "001_Basic\001_Basic.csproj", "{F0306D68-FC77-470B-AB78-28A6DA57AAB0}"
EndProject
Project("{FAE04EC0-301F-11D3-BF4B-00C04F79EFBC}") = "002_Array", "002_Array\002_Array.csproj", "{9AB7FFAD-F471-4040-A11B-607CDA08DE0B}"
EndProject
Project("{FAE04EC0-301F-11D3-BF4B-00C04F79EFBC}") = "002_String", "002_String\002_String.csproj", "{0F500275-AB54-4A39-A7AF-F89C1C7A8E13}"
EndProject
Project("{FAE04EC0-301F-11D3-BF4B-00C04F79EFBC}") = "003_WF-ewample", "003_WF-ewample\003_WF-ewample.csproj", "{E048D2E1-0E66-417D-9EF1-EFC50EA48041}"
EndProject
Project("{FAE04EC0-301F-11D3-BF4B-00C04F79EFBC}") = "003_Namespaces", "003_Namespaces\003_Namespaces.csproj", "{61A69AB8-C2F0-4789-B55B-468ECB4D598E}"
EndProject
Project("{FAE04EC0-301F-11D3-BF4B-00C04F79EFBC}") = "003_Task", "003_Task\003_Task.csproj", "{6DACBA2B-14EB-445E-8AE6-5819BABDA602}"
EndProject
Project("{FAE04EC0-301F-11D3-BF4B-00C04F79EFBC}") = "003_Task2", "003_Task2\003_Task2.csproj", "{3BDED1B6-8F23-4DC5-B8E5-737AB0CB68FE}"
EndProject
Project("{FAE04EC0-301F-11D3-BF4B-00C04F79EFBC}") = "004_Properties", "004_Properties\004_Properties.csproj", "{490C9E31-C139-4E7A-B4BF-7330EC7CA6BD}"
EndProject
Project("{FAE04EC0-301F-11D3-BF4B-00C04F79EFBC}") = "004_Structures", "004_Structures\004_Structures.csproj", "{24255210-B68C-421E-A0A1-3D91ABC6D305}"
EndProject
Project("{FAE04EC0-301F-11D3-BF4B-00C04F79EFBC}") = "004_Enumerations", "004_Enumerations\004_Enumerations.csproj", "{1AAE7FA6-C8D4-4EA2-AB4C-D1881FACAFB0}"
EndProject
Project("{FAE04EC0-301F-11D3-BF4B-00C04F79EFBC}") = "005_OperatotsOverloading", "005_OperatotsOverloading\005_OperatotsOverloading.csproj", "{B6A6C876-52A0-4FD7-B811-1FBF6C577C2A}"
EndProject
Project("{FAE04EC0-301F-11D3-BF4B-00C04F79EFBC}") = "005_Task_laptop", "005_Task_laptop\005_Task_laptop.csproj", "{CD382565-6694-4AAB-9116-A151A429F627}"
EndProject
Project("{FAE04EC0-301F-11D3-BF4B-00C04F79EFBC}") = "006_Exceptions", "006_Exceptions\006_Exceptions.csproj", "{D89FBB11-8DB1-4EAF-B409-C95466BE10BE}"
EndProject
Project("{FAE04EC0-301F-11D3-BF4B-00C04F79EFBC}") = "006_Inheritance", "Inheritance\006_Inheritance.csproj", "{B0DA9CD6-3389-45B3-85A5-681A02A08B5D}"
EndProject
Project("{FAE04EC0-301F-11D3-BF4B-00C04F79EFBC}") = "006_Polymorphism", "006_Polymorphism\006_Polymorphism.csproj", "{44D04C7F-89D6-4392-B8EC-5D56494C352C}"
EndProject
Project("{FAE04EC0-301F-11D3-BF4B-00C04F79EFBC}") = "009_UserCollections", "009_UserCollections\009_UserCollections.csproj", "{3289D48A-8512-405A-8EF5-F83D3C7A292E}"
EndProject
Project("{FAE04EC0-301F-11D3-BF4B-00C04F79EFBC}") = "009_Generics", "009_Generics\009_Generics.csproj", "{D3CB1BF9-037D-4DCB-AAD7-5D9A1BDB5C31}"
EndProject
Project("{FAE04EC0-301F-11D3-BF4B-00C04F79EFBC}") = "009_Vector_Generics", "009_Vector_Generics\009_Vector_Generics.csproj", "{D7FF3072-745A-4063-9DC0-81C28AAC2E47}"
EndProject
Project("{FAE04EC0-301F-11D3-BF4B-00C04F79EFBC}") = "009_List_Generics", "009_List_Generics\009_List_Generics.csproj", "{62C571F8-591D-414D-B209-2532E0299DFF}"
EndProject
Project("{FAE04EC0-301F-11D3-BF4B-00C04F79EFBC}") = "010_Collections", "010_Collections\010_Collections.csproj", "{B29A2027-3757-40D8-BA37-97D4326E605B}"
EndProject
Project("{FAE04EC0-301F-11D3-BF4B-00C04F79EFBC}") = "008_StandartInterfaces", "008_StandartInterfaces\008_StandartInterfaces.csproj", "{F7CE9F9F-7446-4150-8BCB-036EA51F05B0}"
EndProject
Project("{FAE04EC0-301F-11D3-BF4B-00C04F79EFBC}") = "008_StandartInterfacesTask", "008_StandartInterfacesTask\008_StandartInterfacesTask.csproj", "{C62B7E24-B922-46F7-8E28-C8E7096E3D2B}"
EndProject
Project("{FAE04EC0-301F-11D3-BF4B-00C04F79EFBC}") = "010_SolarSystem", "010_SolarSystem\010_SolarSystem.csproj", "{7DC50EC3-E032-4A76-917F-FAFFCA73CEED}"
EndProject
Project("{FAE04EC0-301F-11D3-BF4B-00C04F79EFBC}") = "011_Delegates", "011_Delegates\011_Delegates.csproj", "{B1F23486-F9F7-4B27-8A07-DC37144E5A57}"
EndProject
Project("{FAE04EC0-301F-11D3-BF4B-00C04F79EFBC}") = "011_Task01", "011_Task01\011_Task01.csproj", "{F5CC1918-230D-4166-92F4-A59F96F31EE7}"
EndProject
Project("{FAE04EC0-301F-11D3-BF4B-00C04F79EFBC}") = "011_Lambda", "011_Lambda\011_Lambda.csproj", "{8E6363D3-8F3E-4BD3-89C4-26B642D64344}"
EndProject
Project("{FAE04EC0-301F-11D3-BF4B-00C04F79EFBC}") = "012_Events", "012_Events\012_Events.csproj", "{92F1A522-3818-44DF-8632-168D36A59CB3}"
EndProject
Project("{FAE04EC0-301F-11D3-BF4B-00C04F79EFBC}") = "012_Task_cigarettes", "012_Task_cigarettes\012_Task_cigarettes.csproj", "{B9B61941-CC92-46AC-90E0-244EB8AB529A}"
EndProject
Project("{FAE04EC0-301F-11D3-BF4B-00C04F79EFBC}") = "012_EventsExampleWF", "012_EventsExampleWF\012_EventsExampleWF.csproj", "{9F9AF8A0-B53B-4533-998C-248057066DED}"
EndProject
Project("{FAE04EC0-301F-11D3-BF4B-00C04F79EFBC}") = "012_PingPongEvents", "012_PingPongEvents\012_PingPongEvents.csproj", "{A1DEC3A8-9E72-4D53-974D-BA389A74D38D}"
EndProject
Global
	GlobalSection(SolutionConfigurationPlatforms) = preSolution
		Debug|Any CPU = Debug|Any CPU
		Release|Any CPU = Release|Any CPU
	EndGlobalSection
	GlobalSection(ProjectConfigurationPlatforms) = postSolution
		{18F3341D-F927-4499-AE78-074417CCC442}.Debug|Any CPU.ActiveCfg = Debug|Any CPU
		{18F3341D-F927-4499-AE78-074417CCC442}.Debug|Any CPU.Build.0 = Debug|Any CPU
		{18F3341D-F927-4499-AE78-074417CCC442}.Release|Any CPU.ActiveCfg = Release|Any CPU
		{18F3341D-F927-4499-AE78-074417CCC442}.Release|Any CPU.Build.0 = Release|Any CPU
		{F0306D68-FC77-470B-AB78-28A6DA57AAB0}.Debug|Any CPU.ActiveCfg = Debug|Any CPU
		{F0306D68-FC77-470B-AB78-28A6DA57AAB0}.Debug|Any CPU.Build.0 = Debug|Any CPU
		{F0306D68-FC77-470B-AB78-28A6DA57AAB0}.Release|Any CPU.ActiveCfg = Release|Any CPU
		{F0306D68-FC77-470B-AB78-28A6DA57AAB0}.Release|Any CPU.Build.0 = Release|Any CPU
		{9AB7FFAD-F471-4040-A11B-607CDA08DE0B}.Debug|Any CPU.ActiveCfg = Debug|Any CPU
		{9AB7FFAD-F471-4040-A11B-607CDA08DE0B}.Debug|Any CPU.Build.0 = Debug|Any CPU
		{9AB7FFAD-F471-4040-A11B-607CDA08DE0B}.Release|Any CPU.ActiveCfg = Release|Any CPU
		{9AB7FFAD-F471-4040-A11B-607CDA08DE0B}.Release|Any CPU.Build.0 = Release|Any CPU
		{0F500275-AB54-4A39-A7AF-F89C1C7A8E13}.Debug|Any CPU.ActiveCfg = Debug|Any CPU
		{0F500275-AB54-4A39-A7AF-F89C1C7A8E13}.Debug|Any CPU.Build.0 = Debug|Any CPU
		{0F500275-AB54-4A39-A7AF-F89C1C7A8E13}.Release|Any CPU.ActiveCfg = Release|Any CPU
		{0F500275-AB54-4A39-A7AF-F89C1C7A8E13}.Release|Any CPU.Build.0 = Release|Any CPU
		{E048D2E1-0E66-417D-9EF1-EFC50EA48041}.Debug|Any CPU.ActiveCfg = Debug|Any CPU
		{E048D2E1-0E66-417D-9EF1-EFC50EA48041}.Debug|Any CPU.Build.0 = Debug|Any CPU
		{E048D2E1-0E66-417D-9EF1-EFC50EA48041}.Release|Any CPU.ActiveCfg = Release|Any CPU
		{E048D2E1-0E66-417D-9EF1-EFC50EA48041}.Release|Any CPU.Build.0 = Release|Any CPU
		{61A69AB8-C2F0-4789-B55B-468ECB4D598E}.Debug|Any CPU.ActiveCfg = Debug|Any CPU
		{61A69AB8-C2F0-4789-B55B-468ECB4D598E}.Debug|Any CPU.Build.0 = Debug|Any CPU
		{61A69AB8-C2F0-4789-B55B-468ECB4D598E}.Release|Any CPU.ActiveCfg = Release|Any CPU
		{61A69AB8-C2F0-4789-B55B-468ECB4D598E}.Release|Any CPU.Build.0 = Release|Any CPU
		{6DACBA2B-14EB-445E-8AE6-5819BABDA602}.Debug|Any CPU.ActiveCfg = Debug|Any CPU
		{6DACBA2B-14EB-445E-8AE6-5819BABDA602}.Debug|Any CPU.Build.0 = Debug|Any CPU
		{6DACBA2B-14EB-445E-8AE6-5819BABDA602}.Release|Any CPU.ActiveCfg = Release|Any CPU
		{6DACBA2B-14EB-445E-8AE6-5819BABDA602}.Release|Any CPU.Build.0 = Release|Any CPU
		{3BDED1B6-8F23-4DC5-B8E5-737AB0CB68FE}.Debug|Any CPU.ActiveCfg = Debug|Any CPU
		{3BDED1B6-8F23-4DC5-B8E5-737AB0CB68FE}.Debug|Any CPU.Build.0 = Debug|Any CPU
		{3BDED1B6-8F23-4DC5-B8E5-737AB0CB68FE}.Release|Any CPU.ActiveCfg = Release|Any CPU
		{3BDED1B6-8F23-4DC5-B8E5-737AB0CB68FE}.Release|Any CPU.Build.0 = Release|Any CPU
		{490C9E31-C139-4E7A-B4BF-7330EC7CA6BD}.Debug|Any CPU.ActiveCfg = Debug|Any CPU
		{490C9E31-C139-4E7A-B4BF-7330EC7CA6BD}.Debug|Any CPU.Build.0 = Debug|Any CPU
		{490C9E31-C139-4E7A-B4BF-7330EC7CA6BD}.Release|Any CPU.ActiveCfg = Release|Any CPU
		{490C9E31-C139-4E7A-B4BF-7330EC7CA6BD}.Release|Any CPU.Build.0 = Release|Any CPU
		{24255210-B68C-421E-A0A1-3D91ABC6D305}.Debug|Any CPU.ActiveCfg = Debug|Any CPU
		{24255210-B68C-421E-A0A1-3D91ABC6D305}.Debug|Any CPU.Build.0 = Debug|Any CPU
		{24255210-B68C-421E-A0A1-3D91ABC6D305}.Release|Any CPU.ActiveCfg = Release|Any CPU
		{24255210-B68C-421E-A0A1-3D91ABC6D305}.Release|Any CPU.Build.0 = Release|Any CPU
		{1AAE7FA6-C8D4-4EA2-AB4C-D1881FACAFB0}.Debug|Any CPU.ActiveCfg = Debug|Any CPU
		{1AAE7FA6-C8D4-4EA2-AB4C-D1881FACAFB0}.Debug|Any CPU.Build.0 = Debug|Any CPU
		{1AAE7FA6-C8D4-4EA2-AB4C-D1881FACAFB0}.Release|Any CPU.ActiveCfg = Release|Any CPU
		{1AAE7FA6-C8D4-4EA2-AB4C-D1881FACAFB0}.Release|Any CPU.Build.0 = Release|Any CPU
		{B6A6C876-52A0-4FD7-B811-1FBF6C577C2A}.Debug|Any CPU.ActiveCfg = Debug|Any CPU
		{B6A6C876-52A0-4FD7-B811-1FBF6C577C2A}.Debug|Any CPU.Build.0 = Debug|Any CPU
		{B6A6C876-52A0-4FD7-B811-1FBF6C577C2A}.Release|Any CPU.ActiveCfg = Release|Any CPU
		{B6A6C876-52A0-4FD7-B811-1FBF6C577C2A}.Release|Any CPU.Build.0 = Release|Any CPU
		{CD382565-6694-4AAB-9116-A151A429F627}.Debug|Any CPU.ActiveCfg = Debug|Any CPU
		{CD382565-6694-4AAB-9116-A151A429F627}.Debug|Any CPU.Build.0 = Debug|Any CPU
		{CD382565-6694-4AAB-9116-A151A429F627}.Release|Any CPU.ActiveCfg = Release|Any CPU
		{CD382565-6694-4AAB-9116-A151A429F627}.Release|Any CPU.Build.0 = Release|Any CPU
		{D89FBB11-8DB1-4EAF-B409-C95466BE10BE}.Debug|Any CPU.ActiveCfg = Debug|Any CPU
		{D89FBB11-8DB1-4EAF-B409-C95466BE10BE}.Debug|Any CPU.Build.0 = Debug|Any CPU
		{D89FBB11-8DB1-4EAF-B409-C95466BE10BE}.Release|Any CPU.ActiveCfg = Release|Any CPU
		{D89FBB11-8DB1-4EAF-B409-C95466BE10BE}.Release|Any CPU.Build.0 = Release|Any CPU
		{B0DA9CD6-3389-45B3-85A5-681A02A08B5D}.Debug|Any CPU.ActiveCfg = Debug|Any CPU
		{B0DA9CD6-3389-45B3-85A5-681A02A08B5D}.Debug|Any CPU.Build.0 = Debug|Any CPU
		{B0DA9CD6-3389-45B3-85A5-681A02A08B5D}.Release|Any CPU.ActiveCfg = Release|Any CPU
		{B0DA9CD6-3389-45B3-85A5-681A02A08B5D}.Release|Any CPU.Build.0 = Release|Any CPU
		{44D04C7F-89D6-4392-B8EC-5D56494C352C}.Debug|Any CPU.ActiveCfg = Debug|Any CPU
		{44D04C7F-89D6-4392-B8EC-5D56494C352C}.Debug|Any CPU.Build.0 = Debug|Any CPU
		{44D04C7F-89D6-4392-B8EC-5D56494C352C}.Release|Any CPU.ActiveCfg = Release|Any CPU
		{44D04C7F-89D6-4392-B8EC-5D56494C352C}.Release|Any CPU.Build.0 = Release|Any CPU
		{3289D48A-8512-405A-8EF5-F83D3C7A292E}.Debug|Any CPU.ActiveCfg = Debug|Any CPU
		{3289D48A-8512-405A-8EF5-F83D3C7A292E}.Debug|Any CPU.Build.0 = Debug|Any CPU
		{3289D48A-8512-405A-8EF5-F83D3C7A292E}.Release|Any CPU.ActiveCfg = Release|Any CPU
		{3289D48A-8512-405A-8EF5-F83D3C7A292E}.Release|Any CPU.Build.0 = Release|Any CPU
		{D3CB1BF9-037D-4DCB-AAD7-5D9A1BDB5C31}.Debug|Any CPU.ActiveCfg = Debug|Any CPU
		{D3CB1BF9-037D-4DCB-AAD7-5D9A1BDB5C31}.Debug|Any CPU.Build.0 = Debug|Any CPU
		{D3CB1BF9-037D-4DCB-AAD7-5D9A1BDB5C31}.Release|Any CPU.ActiveCfg = Release|Any CPU
		{D3CB1BF9-037D-4DCB-AAD7-5D9A1BDB5C31}.Release|Any CPU.Build.0 = Release|Any CPU
		{D7FF3072-745A-4063-9DC0-81C28AAC2E47}.Debug|Any CPU.ActiveCfg = Debug|Any CPU
		{D7FF3072-745A-4063-9DC0-81C28AAC2E47}.Debug|Any CPU.Build.0 = Debug|Any CPU
		{D7FF3072-745A-4063-9DC0-81C28AAC2E47}.Release|Any CPU.ActiveCfg = Release|Any CPU
		{D7FF3072-745A-4063-9DC0-81C28AAC2E47}.Release|Any CPU.Build.0 = Release|Any CPU
		{62C571F8-591D-414D-B209-2532E0299DFF}.Debug|Any CPU.ActiveCfg = Debug|Any CPU
		{62C571F8-591D-414D-B209-2532E0299DFF}.Debug|Any CPU.Build.0 = Debug|Any CPU
		{62C571F8-591D-414D-B209-2532E0299DFF}.Release|Any CPU.ActiveCfg = Release|Any CPU
		{62C571F8-591D-414D-B209-2532E0299DFF}.Release|Any CPU.Build.0 = Release|Any CPU
		{B29A2027-3757-40D8-BA37-97D4326E605B}.Debug|Any CPU.ActiveCfg = Debug|Any CPU
		{B29A2027-3757-40D8-BA37-97D4326E605B}.Debug|Any CPU.Build.0 = Debug|Any CPU
		{B29A2027-3757-40D8-BA37-97D4326E605B}.Release|Any CPU.ActiveCfg = Release|Any CPU
		{B29A2027-3757-40D8-BA37-97D4326E605B}.Release|Any CPU.Build.0 = Release|Any CPU
		{F7CE9F9F-7446-4150-8BCB-036EA51F05B0}.Debug|Any CPU.ActiveCfg = Debug|Any CPU
		{F7CE9F9F-7446-4150-8BCB-036EA51F05B0}.Debug|Any CPU.Build.0 = Debug|Any CPU
		{F7CE9F9F-7446-4150-8BCB-036EA51F05B0}.Release|Any CPU.ActiveCfg = Release|Any CPU
		{F7CE9F9F-7446-4150-8BCB-036EA51F05B0}.Release|Any CPU.Build.0 = Release|Any CPU
		{C62B7E24-B922-46F7-8E28-C8E7096E3D2B}.Debug|Any CPU.ActiveCfg = Debug|Any CPU
		{C62B7E24-B922-46F7-8E28-C8E7096E3D2B}.Debug|Any CPU.Build.0 = Debug|Any CPU
		{C62B7E24-B922-46F7-8E28-C8E7096E3D2B}.Release|Any CPU.ActiveCfg = Release|Any CPU
		{C62B7E24-B922-46F7-8E28-C8E7096E3D2B}.Release|Any CPU.Build.0 = Release|Any CPU
		{7DC50EC3-E032-4A76-917F-FAFFCA73CEED}.Debug|Any CPU.ActiveCfg = Debug|Any CPU
		{7DC50EC3-E032-4A76-917F-FAFFCA73CEED}.Debug|Any CPU.Build.0 = Debug|Any CPU
		{7DC50EC3-E032-4A76-917F-FAFFCA73CEED}.Release|Any CPU.ActiveCfg = Release|Any CPU
		{7DC50EC3-E032-4A76-917F-FAFFCA73CEED}.Release|Any CPU.Build.0 = Release|Any CPU
		{B1F23486-F9F7-4B27-8A07-DC37144E5A57}.Debug|Any CPU.ActiveCfg = Debug|Any CPU
		{B1F23486-F9F7-4B27-8A07-DC37144E5A57}.Debug|Any CPU.Build.0 = Debug|Any CPU
		{B1F23486-F9F7-4B27-8A07-DC37144E5A57}.Release|Any CPU.ActiveCfg = Release|Any CPU
		{B1F23486-F9F7-4B27-8A07-DC37144E5A57}.Release|Any CPU.Build.0 = Release|Any CPU
		{F5CC1918-230D-4166-92F4-A59F96F31EE7}.Debug|Any CPU.ActiveCfg = Debug|Any CPU
		{F5CC1918-230D-4166-92F4-A59F96F31EE7}.Debug|Any CPU.Build.0 = Debug|Any CPU
		{F5CC1918-230D-4166-92F4-A59F96F31EE7}.Release|Any CPU.ActiveCfg = Release|Any CPU
		{F5CC1918-230D-4166-92F4-A59F96F31EE7}.Release|Any CPU.Build.0 = Release|Any CPU
		{8E6363D3-8F3E-4BD3-89C4-26B642D64344}.Debug|Any CPU.ActiveCfg = Debug|Any CPU
		{8E6363D3-8F3E-4BD3-89C4-26B642D64344}.Debug|Any CPU.Build.0 = Debug|Any CPU
		{8E6363D3-8F3E-4BD3-89C4-26B642D64344}.Release|Any CPU.ActiveCfg = Release|Any CPU
		{8E6363D3-8F3E-4BD3-89C4-26B642D64344}.Release|Any CPU.Build.0 = Release|Any CPU
		{92F1A522-3818-44DF-8632-168D36A59CB3}.Debug|Any CPU.ActiveCfg = Debug|Any CPU
		{92F1A522-3818-44DF-8632-168D36A59CB3}.Debug|Any CPU.Build.0 = Debug|Any CPU
		{92F1A522-3818-44DF-8632-168D36A59CB3}.Release|Any CPU.ActiveCfg = Release|Any CPU
		{92F1A522-3818-44DF-8632-168D36A59CB3}.Release|Any CPU.Build.0 = Release|Any CPU
		{B9B61941-CC92-46AC-90E0-244EB8AB529A}.Debug|Any CPU.ActiveCfg = Debug|Any CPU
		{B9B61941-CC92-46AC-90E0-244EB8AB529A}.Debug|Any CPU.Build.0 = Debug|Any CPU
		{B9B61941-CC92-46AC-90E0-244EB8AB529A}.Release|Any CPU.ActiveCfg = Release|Any CPU
		{B9B61941-CC92-46AC-90E0-244EB8AB529A}.Release|Any CPU.Build.0 = Release|Any CPU
		{9F9AF8A0-B53B-4533-998C-248057066DED}.Debug|Any CPU.ActiveCfg = Debug|Any CPU
		{9F9AF8A0-B53B-4533-998C-248057066DED}.Debug|Any CPU.Build.0 = Debug|Any CPU
		{9F9AF8A0-B53B-4533-998C-248057066DED}.Release|Any CPU.ActiveCfg = Release|Any CPU
		{9F9AF8A0-B53B-4533-998C-248057066DED}.Release|Any CPU.Build.0 = Release|Any CPU
		{A1DEC3A8-9E72-4D53-974D-BA389A74D38D}.Debug|Any CPU.ActiveCfg = Debug|Any CPU
		{A1DEC3A8-9E72-4D53-974D-BA389A74D38D}.Debug|Any CPU.Build.0 = Debug|Any CPU
		{A1DEC3A8-9E72-4D53-974D-BA389A74D38D}.Release|Any CPU.ActiveCfg = Release|Any CPU
		{A1DEC3A8-9E72-4D53-974D-BA389A74D38D}.Release|Any CPU.Build.0 = Release|Any CPU
	EndGlobalSection
	GlobalSection(SolutionProperties) = preSolution
		HideSolutionNode = FALSE
	EndGlobalSection
	GlobalSection(ExtensibilityGlobals) = postSolution
		SolutionGuid = {3616E005-87AD-4DAC-A1E3-0FD1AB4FDF15}
	EndGlobalSection
EndGlobal
